
Microsoft Visual Studio Solution File, Format Version 12.00
# Visual Studio 2012
Project("{F184B08F-C81C-45F6-A57F-5ABD9991F28F}") = "ArkC Client GUI dotnet", "ArkC Client GUI dotnet\ArkC Client GUI dotnet.vbproj", "{F6D441E4-2AEE-43DB-B92C-5AABAD65E5FE}"
EndProject
Project("{6141683F-8A12-4E36-9623-2EB02B2C2303}") = "Setup", "Setup\Setup.isproj", "{F5B45518-05BD-412A-A7AC-7AFAE27AB106}"
	ProjectSection(ProjectDependencies) = postProject
		{B76AF233-0B31-4F9C-8BCA-AA3A4745815B} = {B76AF233-0B31-4F9C-8BCA-AA3A4745815B}
		{F6D441E4-2AEE-43DB-B92C-5AABAD65E5FE} = {F6D441E4-2AEE-43DB-B92C-5AABAD65E5FE}
	EndProjectSection
EndProject
Project("{F184B08F-C81C-45F6-A57F-5ABD9991F28F}") = "FwAddException", "FwAddException\FwAddException.vbproj", "{B76AF233-0B31-4F9C-8BCA-AA3A4745815B}"
EndProject
Global
	GlobalSection(SolutionConfigurationPlatforms) = preSolution
		CD_ROM|Any CPU = CD_ROM|Any CPU
		Debug|Any CPU = Debug|Any CPU
		DVD-5|Any CPU = DVD-5|Any CPU
		Release|Any CPU = Release|Any CPU
		SingleImage|Any CPU = SingleImage|Any CPU
	EndGlobalSection
	GlobalSection(ProjectConfigurationPlatforms) = postSolution
		{F6D441E4-2AEE-43DB-B92C-5AABAD65E5FE}.CD_ROM|Any CPU.ActiveCfg = Release|Any CPU
		{F6D441E4-2AEE-43DB-B92C-5AABAD65E5FE}.CD_ROM|Any CPU.Build.0 = Release|Any CPU
		{F6D441E4-2AEE-43DB-B92C-5AABAD65E5FE}.Debug|Any CPU.ActiveCfg = Debug|Any CPU
		{F6D441E4-2AEE-43DB-B92C-5AABAD65E5FE}.Debug|Any CPU.Build.0 = Debug|Any CPU
		{F6D441E4-2AEE-43DB-B92C-5AABAD65E5FE}.DVD-5|Any CPU.ActiveCfg = Debug|Any CPU
		{F6D441E4-2AEE-43DB-B92C-5AABAD65E5FE}.DVD-5|Any CPU.Build.0 = Debug|Any CPU
		{F6D441E4-2AEE-43DB-B92C-5AABAD65E5FE}.Release|Any CPU.ActiveCfg = Release|Any CPU
		{F6D441E4-2AEE-43DB-B92C-5AABAD65E5FE}.Release|Any CPU.Build.0 = Release|Any CPU
		{F6D441E4-2AEE-43DB-B92C-5AABAD65E5FE}.SingleImage|Any CPU.ActiveCfg = Release|Any CPU
		{F6D441E4-2AEE-43DB-B92C-5AABAD65E5FE}.SingleImage|Any CPU.Build.0 = Release|Any CPU
		{F5B45518-05BD-412A-A7AC-7AFAE27AB106}.CD_ROM|Any CPU.ActiveCfg = CD_ROM
		{F5B45518-05BD-412A-A7AC-7AFAE27AB106}.CD_ROM|Any CPU.Build.0 = CD_ROM
		{F5B45518-05BD-412A-A7AC-7AFAE27AB106}.Debug|Any CPU.ActiveCfg = SingleImage
		{F5B45518-05BD-412A-A7AC-7AFAE27AB106}.Debug|Any CPU.Build.0 = SingleImage
		{F5B45518-05BD-412A-A7AC-7AFAE27AB106}.DVD-5|Any CPU.ActiveCfg = DVD-5
		{F5B45518-05BD-412A-A7AC-7AFAE27AB106}.DVD-5|Any CPU.Build.0 = DVD-5
		{F5B45518-05BD-412A-A7AC-7AFAE27AB106}.Release|Any CPU.ActiveCfg = SingleImage
		{F5B45518-05BD-412A-A7AC-7AFAE27AB106}.Release|Any CPU.Build.0 = SingleImage
		{F5B45518-05BD-412A-A7AC-7AFAE27AB106}.SingleImage|Any CPU.ActiveCfg = SingleImage
		{F5B45518-05BD-412A-A7AC-7AFAE27AB106}.SingleImage|Any CPU.Build.0 = SingleImage
		{B76AF233-0B31-4F9C-8BCA-AA3A4745815B}.CD_ROM|Any CPU.ActiveCfg = Release|Any CPU
		{B76AF233-0B31-4F9C-8BCA-AA3A4745815B}.CD_ROM|Any CPU.Build.0 = Release|Any CPU
		{B76AF233-0B31-4F9C-8BCA-AA3A4745815B}.Debug|Any CPU.ActiveCfg = Debug|Any CPU
		{B76AF233-0B31-4F9C-8BCA-AA3A4745815B}.Debug|Any CPU.Build.0 = Debug|Any CPU
		{B76AF233-0B31-4F9C-8BCA-AA3A4745815B}.DVD-5|Any CPU.ActiveCfg = Debug|Any CPU
		{B76AF233-0B31-4F9C-8BCA-AA3A4745815B}.DVD-5|Any CPU.Build.0 = Debug|Any CPU
		{B76AF233-0B31-4F9C-8BCA-AA3A4745815B}.Release|Any CPU.ActiveCfg = Release|Any CPU
		{B76AF233-0B31-4F9C-8BCA-AA3A4745815B}.Release|Any CPU.Build.0 = Release|Any CPU
		{B76AF233-0B31-4F9C-8BCA-AA3A4745815B}.SingleImage|Any CPU.ActiveCfg = Release|Any CPU
		{B76AF233-0B31-4F9C-8BCA-AA3A4745815B}.SingleImage|Any CPU.Build.0 = Release|Any CPU
	EndGlobalSection
	GlobalSection(SolutionProperties) = preSolution
		HideSolutionNode = FALSE
	EndGlobalSection
EndGlobal
